
Microsoft Visual Studio Solution File, Format Version 12.00
# Visual Studio Version 17
VisualStudioVersion = 17.0.32126.317
MinimumVisualStudioVersion = 10.0.40219.1
Project("{8BC9CEB8-8B4A-11D0-8D11-00A0C91BC942}") = "Sandbox", "Sandbox\Sandbox.vcxproj", "{8CC300E9-249A-449A-93DE-7DE2CAB8F3E0}"
EndProject
Project("{8BC9CEB8-8B4A-11D0-8D11-00A0C91BC942}") = "My-Engine", "My-Engine\My-Engine.vcxproj", "{584FD5C1-D562-4674-B99A-3D961AE1FDF0}"
EndProject
Global
	GlobalSection(SolutionConfigurationPlatforms) = preSolution
		Debug|x64 = Debug|x64
		Release|x64 = Release|x64
	EndGlobalSection
	GlobalSection(ProjectConfigurationPlatforms) = postSolution
		{584FD5C1-D562-4674-B99A-3D961AE1FDF0}.Debug|x64.ActiveCfg = Debug|x64
		{584FD5C1-D562-4674-B99A-3D961AE1FDF0}.Debug|x64.Build.0 = Debug|x64
		{584FD5C1-D562-4674-B99A-3D961AE1FDF0}.Release|x64.ActiveCfg = Release|x64
		{584FD5C1-D562-4674-B99A-3D961AE1FDF0}.Release|x64.Build.0 = Release|x64
		{8CC300E9-249A-449A-93DE-7DE2CAB8F3E0}.Debug|x64.ActiveCfg = Debug|x64
		{8CC300E9-249A-449A-93DE-7DE2CAB8F3E0}.Debug|x64.Build.0 = Debug|x64
		{8CC300E9-249A-449A-93DE-7DE2CAB8F3E0}.Release|x64.ActiveCfg = Release|x64
		{8CC300E9-249A-449A-93DE-7DE2CAB8F3E0}.Release|x64.Build.0 = Release|x64
	EndGlobalSection
	GlobalSection(SolutionProperties) = preSolution
		HideSolutionNode = FALSE
	EndGlobalSection
	GlobalSection(ExtensibilityGlobals) = postSolution
		SolutionGuid = {8F96E05B-B5AF-4C3D-8886-EA190651191D}
	EndGlobalSection
EndGlobal
